// !$*UTF8*$!
{
	archiveVersion = 1;
	classes = {
	};
	objectVersion = 46;
	objects = {

/* Begin PBXBuildFile section */
		AA9EE6ED1BFEB55B001CE68C /* AppDelegate.swift in Sources */ = {isa = PBXBuildFile; fileRef = AA9EE6EC1BFEB55B001CE68C /* AppDelegate.swift */; };
		AA9EE6EF1BFEB55B001CE68C /* ViewController.swift in Sources */ = {isa = PBXBuildFile; fileRef = AA9EE6EE1BFEB55B001CE68C /* ViewController.swift */; };
		AA9EE6F21BFEB55B001CE68C /* Main.storyboard in Resources */ = {isa = PBXBuildFile; fileRef = AA9EE6F01BFEB55B001CE68C /* Main.storyboard */; };
		AA9EE6F41BFEB55B001CE68C /* Assets.xcassets in Resources */ = {isa = PBXBuildFile; fileRef = AA9EE6F31BFEB55B001CE68C /* Assets.xcassets */; };
		AA9EE6F71BFEB55B001CE68C /* LaunchScreen.storyboard in Resources */ = {isa = PBXBuildFile; fileRef = AA9EE6F51BFEB55B001CE68C /* LaunchScreen.storyboard */; };
		AA9EE7021BFEB55B001CE68C /* swift_book_helloworldTests.swift in Sources */ = {isa = PBXBuildFile; fileRef = AA9EE7011BFEB55B001CE68C /* swift_book_helloworldTests.swift */; };
		AA9EE70D1BFEB55B001CE68C /* swift_book_helloworldUITests.swift in Sources */ = {isa = PBXBuildFile; fileRef = AA9EE70C1BFEB55B001CE68C /* swift_book_helloworldUITests.swift */; };
		AA9EE71B1BFF1532001CE68C /* TreePageViewController.swift in Sources */ = {isa = PBXBuildFile; fileRef = AA9EE71A1BFF1532001CE68C /* TreePageViewController.swift */; };
/* End PBXBuildFile section */

/* Begin PBXContainerItemProxy section */
		AA9EE6FE1BFEB55B001CE68C /* PBXContainerItemProxy */ = {
			isa = PBXContainerItemProxy;
			containerPortal = AA9EE6E11BFEB55B001CE68C /* Project object */;
			proxyType = 1;
			remoteGlobalIDString = AA9EE6E81BFEB55B001CE68C;
			remoteInfo = "swift-book-helloworld";
		};
		AA9EE7091BFEB55B001CE68C /* PBXContainerItemProxy */ = {
			isa = PBXContainerItemProxy;
			containerPortal = AA9EE6E11BFEB55B001CE68C /* Project object */;
			proxyType = 1;
			remoteGlobalIDString = AA9EE6E81BFEB55B001CE68C;
			remoteInfo = "swift-book-helloworld";
		};
/* End PBXContainerItemProxy section */

/* Begin PBXFileReference section */
		AA9EE6E91BFEB55B001CE68C /* swift-book-helloworld.app */ = {isa = PBXFileReference; explicitFileType = wrapper.application; includeInIndex = 0; path = "swift-book-helloworld.app"; sourceTree = BUILT_PRODUCTS_DIR; };
		AA9EE6EC1BFEB55B001CE68C /* AppDelegate.swift */ = {isa = PBXFileReference; lastKnownFileType = sourcecode.swift; path = AppDelegate.swift; sourceTree = "<group>"; };
		AA9EE6EE1BFEB55B001CE68C /* ViewController.swift */ = {isa = PBXFileReference; lastKnownFileType = sourcecode.swift; path = ViewController.swift; sourceTree = "<group>"; };
		AA9EE6F11BFEB55B001CE68C /* Base */ = {isa = PBXFileReference; lastKnownFileType = file.storyboard; name = Base; path = Base.lproj/Main.storyboard; sourceTree = "<group>"; };
		AA9EE6F31BFEB55B001CE68C /* Assets.xcassets */ = {isa = PBXFileReference; lastKnownFileType = folder.assetcatalog; path = Assets.xcassets; sourceTree = "<group>"; };
		AA9EE6F61BFEB55B001CE68C /* Base */ = {isa = PBXFileReference; lastKnownFileType = file.storyboard; name = Base; path = Base.lproj/LaunchScreen.storyboard; sourceTree = "<group>"; };
		AA9EE6F81BFEB55B001CE68C /* Info.plist */ = {isa = PBXFileReference; lastKnownFileType = text.plist.xml; path = Info.plist; sourceTree = "<group>"; };
		AA9EE6FD1BFEB55B001CE68C /* swift-book-helloworldTests.xctest */ = {isa = PBXFileReference; explicitFileType = wrapper.cfbundle; includeInIndex = 0; path = "swift-book-helloworldTests.xctest"; sourceTree = BUILT_PRODUCTS_DIR; };
		AA9EE7011BFEB55B001CE68C /* swift_book_helloworldTests.swift */ = {isa = PBXFileReference; lastKnownFileType = sourcecode.swift; path = swift_book_helloworldTests.swift; sourceTree = "<group>"; };
		AA9EE7031BFEB55B001CE68C /* Info.plist */ = {isa = PBXFileReference; lastKnownFileType = text.plist.xml; path = Info.plist; sourceTree = "<group>"; };
		AA9EE7081BFEB55B001CE68C /* swift-book-helloworldUITests.xctest */ = {isa = PBXFileReference; explicitFileType = wrapper.cfbundle; includeInIndex = 0; path = "swift-book-helloworldUITests.xctest"; sourceTree = BUILT_PRODUCTS_DIR; };
		AA9EE70C1BFEB55B001CE68C /* swift_book_helloworldUITests.swift */ = {isa = PBXFileReference; lastKnownFileType = sourcecode.swift; path = swift_book_helloworldUITests.swift; sourceTree = "<group>"; };
		AA9EE70E1BFEB55B001CE68C /* Info.plist */ = {isa = PBXFileReference; lastKnownFileType = text.plist.xml; path = Info.plist; sourceTree = "<group>"; };
		AA9EE71A1BFF1532001CE68C /* TreePageViewController.swift */ = {isa = PBXFileReference; fileEncoding = 4; lastKnownFileType = sourcecode.swift; path = TreePageViewController.swift; sourceTree = "<group>"; };
/* End PBXFileReference section */

/* Begin PBXFrameworksBuildPhase section */
		AA9EE6E61BFEB55B001CE68C /* Frameworks */ = {
			isa = PBXFrameworksBuildPhase;
			buildActionMask = 2147483647;
			files = (
			);
			runOnlyForDeploymentPostprocessing = 0;
		};
		AA9EE6FA1BFEB55B001CE68C /* Frameworks */ = {
			isa = PBXFrameworksBuildPhase;
			buildActionMask = 2147483647;
			files = (
			);
			runOnlyForDeploymentPostprocessing = 0;
		};
		AA9EE7051BFEB55B001CE68C /* Frameworks */ = {
			isa = PBXFrameworksBuildPhase;
			buildActionMask = 2147483647;
			files = (
			);
			runOnlyForDeploymentPostprocessing = 0;
		};
/* End PBXFrameworksBuildPhase section */

/* Begin PBXGroup section */
		AA9EE6E01BFEB55B001CE68C = {
			isa = PBXGroup;
			children = (
				AA9EE6EB1BFEB55B001CE68C /* swift-book-helloworld */,
				AA9EE7001BFEB55B001CE68C /* swift-book-helloworldTests */,
				AA9EE70B1BFEB55B001CE68C /* swift-book-helloworldUITests */,
				AA9EE6EA1BFEB55B001CE68C /* Products */,
			);
			sourceTree = "<group>";
		};
		AA9EE6EA1BFEB55B001CE68C /* Products */ = {
			isa = PBXGroup;
			children = (
				AA9EE6E91BFEB55B001CE68C /* swift-book-helloworld.app */,
				AA9EE6FD1BFEB55B001CE68C /* swift-book-helloworldTests.xctest */,
				AA9EE7081BFEB55B001CE68C /* swift-book-helloworldUITests.xctest */,
			);
			name = Products;
			sourceTree = "<group>";
		};
		AA9EE6EB1BFEB55B001CE68C /* swift-book-helloworld */ = {
			isa = PBXGroup;
			children = (
				AA9EE6EC1BFEB55B001CE68C /* AppDelegate.swift */,
				AA9EE6EE1BFEB55B001CE68C /* ViewController.swift */,
				AA9EE6F01BFEB55B001CE68C /* Main.storyboard */,
				AA9EE71A1BFF1532001CE68C /* TreePageViewController.swift */,
				AA9EE6F31BFEB55B001CE68C /* Assets.xcassets */,
				AA9EE6F51BFEB55B001CE68C /* LaunchScreen.storyboard */,
				AA9EE6F81BFEB55B001CE68C /* Info.plist */,
			);
			path = "swift-book-helloworld";
			sourceTree = "<group>";
		};
		AA9EE7001BFEB55B001CE68C /* swift-book-helloworldTests */ = {
			isa = PBXGroup;
			children = (
				AA9EE7011BFEB55B001CE68C /* swift_book_helloworldTests.swift */,
				AA9EE7031BFEB55B001CE68C /* Info.plist */,
			);
			path = "swift-book-helloworldTests";
			sourceTree = "<group>";
		};
		AA9EE70B1BFEB55B001CE68C /* swift-book-helloworldUITests */ = {
			isa = PBXGroup;
			children = (
				AA9EE70C1BFEB55B001CE68C /* swift_book_helloworldUITests.swift */,
				AA9EE70E1BFEB55B001CE68C /* Info.plist */,
			);
			path = "swift-book-helloworldUITests";
			sourceTree = "<group>";
		};
/* End PBXGroup section */

/* Begin PBXNativeTarget section */
		AA9EE6E81BFEB55B001CE68C /* swift-book-helloworld */ = {
			isa = PBXNativeTarget;
			buildConfigurationList = AA9EE7111BFEB55B001CE68C /* Build configuration list for PBXNativeTarget "swift-book-helloworld" */;
			buildPhases = (
				AA9EE6E51BFEB55B001CE68C /* Sources */,
				AA9EE6E61BFEB55B001CE68C /* Frameworks */,
				AA9EE6E71BFEB55B001CE68C /* Resources */,
			);
			buildRules = (
			);
			dependencies = (
			);
			name = "swift-book-helloworld";
			productName = "swift-book-helloworld";
			productReference = AA9EE6E91BFEB55B001CE68C /* swift-book-helloworld.app */;
			productType = "com.apple.product-type.application";
		};
		AA9EE6FC1BFEB55B001CE68C /* swift-book-helloworldTests */ = {
			isa = PBXNativeTarget;
			buildConfigurationList = AA9EE7141BFEB55B001CE68C /* Build configuration list for PBXNativeTarget "swift-book-helloworldTests" */;
			buildPhases = (
				AA9EE6F91BFEB55B001CE68C /* Sources */,
				AA9EE6FA1BFEB55B001CE68C /* Frameworks */,
				AA9EE6FB1BFEB55B001CE68C /* Resources */,
			);
			buildRules = (
			);
			dependencies = (
				AA9EE6FF1BFEB55B001CE68C /* PBXTargetDependency */,
			);
			name = "swift-book-helloworldTests";
			productName = "swift-book-helloworldTests";
			productReference = AA9EE6FD1BFEB55B001CE68C /* swift-book-helloworldTests.xctest */;
			productType = "com.apple.product-type.bundle.unit-test";
		};
		AA9EE7071BFEB55B001CE68C /* swift-book-helloworldUITests */ = {
			isa = PBXNativeTarget;
			buildConfigurationList = AA9EE7171BFEB55B001CE68C /* Build configuration list for PBXNativeTarget "swift-book-helloworldUITests" */;
			buildPhases = (
				AA9EE7041BFEB55B001CE68C /* Sources */,
				AA9EE7051BFEB55B001CE68C /* Frameworks */,
				AA9EE7061BFEB55B001CE68C /* Resources */,
			);
			buildRules = (
			);
			dependencies = (
				AA9EE70A1BFEB55B001CE68C /* PBXTargetDependency */,
			);
			name = "swift-book-helloworldUITests";
			productName = "swift-book-helloworldUITests";
			productReference = AA9EE7081BFEB55B001CE68C /* swift-book-helloworldUITests.xctest */;
			productType = "com.apple.product-type.bundle.ui-testing";
		};
/* End PBXNativeTarget section */

/* Begin PBXProject section */
		AA9EE6E11BFEB55B001CE68C /* Project object */ = {
			isa = PBXProject;
			attributes = {
				LastSwiftUpdateCheck = 0710;
				LastUpgradeCheck = 0710;
				ORGANIZATIONNAME = "ando takahiro";
				TargetAttributes = {
					AA9EE6E81BFEB55B001CE68C = {
						CreatedOnToolsVersion = 7.1.1;
					};
					AA9EE6FC1BFEB55B001CE68C = {
						CreatedOnToolsVersion = 7.1.1;
						TestTargetID = AA9EE6E81BFEB55B001CE68C;
					};
					AA9EE7071BFEB55B001CE68C = {
						CreatedOnToolsVersion = 7.1.1;
						TestTargetID = AA9EE6E81BFEB55B001CE68C;
					};
				};
			};
			buildConfigurationList = AA9EE6E41BFEB55B001CE68C /* Build configuration list for PBXProject "swift-book-helloworld" */;
			compatibilityVersion = "Xcode 3.2";
			developmentRegion = English;
			hasScannedForEncodings = 0;
			knownRegions = (
				en,
				Base,
			);
			mainGroup = AA9EE6E01BFEB55B001CE68C;
			productRefGroup = AA9EE6EA1BFEB55B001CE68C /* Products */;
			projectDirPath = "";
			projectRoot = "";
			targets = (
				AA9EE6E81BFEB55B001CE68C /* swift-book-helloworld */,
				AA9EE6FC1BFEB55B001CE68C /* swift-book-helloworldTests */,
				AA9EE7071BFEB55B001CE68C /* swift-book-helloworldUITests */,
			);
		};
/* End PBXProject section */

/* Begin PBXResourcesBuildPhase section */
		AA9EE6E71BFEB55B001CE68C /* Resources */ = {
			isa = PBXResourcesBuildPhase;
			buildActionMask = 2147483647;
			files = (
				AA9EE6F71BFEB55B001CE68C /* LaunchScreen.storyboard in Resources */,
				AA9EE6F41BFEB55B001CE68C /* Assets.xcassets in Resources */,
				AA9EE6F21BFEB55B001CE68C /* Main.storyboard in Resources */,
			);
			runOnlyForDeploymentPostprocessing = 0;
		};
		AA9EE6FB1BFEB55B001CE68C /* Resources */ = {
			isa = PBXResourcesBuildPhase;
			buildActionMask = 2147483647;
			files = (
			);
			runOnlyForDeploymentPostprocessing = 0;
		};
		AA9EE7061BFEB55B001CE68C /* Resources */ = {
			isa = PBXResourcesBuildPhase;
			buildActionMask = 2147483647;
			files = (
			);
			runOnlyForDeploymentPostprocessing = 0;
		};
/* End PBXResourcesBuildPhase section */

/* Begin PBXSourcesBuildPhase section */
		AA9EE6E51BFEB55B001CE68C /* Sources */ = {
			isa = PBXSourcesBuildPhase;
			buildActionMask = 2147483647;
			files = (
				AA9EE6EF1BFEB55B001CE68C /* ViewController.swift in Sources */,
				AA9EE6ED1BFEB55B001CE68C /* AppDelegate.swift in Sources */,
				AA9EE71B1BFF1532001CE68C /* TreePageViewController.swift in Sources */,
			);
			runOnlyForDeploymentPostprocessing = 0;
		};
		AA9EE6F91BFEB55B001CE68C /* Sources */ = {
			isa = PBXSourcesBuildPhase;
			buildActionMask = 2147483647;
			files = (
				AA9EE7021BFEB55B001CE68C /* swift_book_helloworldTests.swift in Sources */,
			);
			runOnlyForDeploymentPostprocessing = 0;
		};
		AA9EE7041BFEB55B001CE68C /* Sources */ = {
			isa = PBXSourcesBuildPhase;
			buildActionMask = 2147483647;
			files = (
				AA9EE70D1BFEB55B001CE68C /* swift_book_helloworldUITests.swift in Sources */,
			);
			runOnlyForDeploymentPostprocessing = 0;
		};
/* End PBXSourcesBuildPhase section */

/* Begin PBXTargetDependency section */
		AA9EE6FF1BFEB55B001CE68C /* PBXTargetDependency */ = {
			isa = PBXTargetDependency;
			target = AA9EE6E81BFEB55B001CE68C /* swift-book-helloworld */;
			targetProxy = AA9EE6FE1BFEB55B001CE68C /* PBXContainerItemProxy */;
		};
		AA9EE70A1BFEB55B001CE68C /* PBXTargetDependency */ = {
			isa = PBXTargetDependency;
			target = AA9EE6E81BFEB55B001CE68C /* swift-book-helloworld */;
			targetProxy = AA9EE7091BFEB55B001CE68C /* PBXContainerItemProxy */;
		};
/* End PBXTargetDependency section */

/* Begin PBXVariantGroup section */
		AA9EE6F01BFEB55B001CE68C /* Main.storyboard */ = {
			isa = PBXVariantGroup;
			children = (
				AA9EE6F11BFEB55B001CE68C /* Base */,
			);
			name = Main.storyboard;
			sourceTree = "<group>";
		};
		AA9EE6F51BFEB55B001CE68C /* LaunchScreen.storyboard */ = {
			isa = PBXVariantGroup;
			children = (
				AA9EE6F61BFEB55B001CE68C /* Base */,
			);
			name = LaunchScreen.storyboard;
			sourceTree = "<group>";
		};
/* End PBXVariantGroup section */

/* Begin XCBuildConfiguration section */
		AA9EE70F1BFEB55B001CE68C /* Debug */ = {
			isa = XCBuildConfiguration;
			buildSettings = {
				ALWAYS_SEARCH_USER_PATHS = NO;
				CLANG_CXX_LANGUAGE_STANDARD = "gnu++0x";
				CLANG_CXX_LIBRARY = "libc++";
				CLANG_ENABLE_MODULES = YES;
				CLANG_ENABLE_OBJC_ARC = YES;
				CLANG_WARN_BOOL_CONVERSION = YES;
				CLANG_WARN_CONSTANT_CONVERSION = YES;
				CLANG_WARN_DIRECT_OBJC_ISA_USAGE = YES_ERROR;
				CLANG_WARN_EMPTY_BODY = YES;
				CLANG_WARN_ENUM_CONVERSION = YES;
				CLANG_WARN_INT_CONVERSION = YES;
				CLANG_WARN_OBJC_ROOT_CLASS = YES_ERROR;
				CLANG_WARN_UNREACHABLE_CODE = YES;
				CLANG_WARN__DUPLICATE_METHOD_MATCH = YES;
				"CODE_SIGN_IDENTITY[sdk=iphoneos*]" = "iPhone Developer";
				COPY_PHASE_STRIP = NO;
				DEBUG_INFORMATION_FORMAT = dwarf;
				ENABLE_STRICT_OBJC_MSGSEND = YES;
				ENABLE_TESTABILITY = YES;
				GCC_C_LANGUAGE_STANDARD = gnu99;
				GCC_DYNAMIC_NO_PIC = NO;
				GCC_NO_COMMON_BLOCKS = YES;
				GCC_OPTIMIZATION_LEVEL = 0;
				GCC_PREPROCESSOR_DEFINITIONS = (
					"DEBUG=1",
					"$(inherited)",
				);
				GCC_WARN_64_TO_32_BIT_CONVERSION = YES;
				GCC_WARN_ABOUT_RETURN_TYPE = YES_ERROR;
				GCC_WARN_UNDECLARED_SELECTOR = YES;
				GCC_WARN_UNINITIALIZED_AUTOS = YES_AGGRESSIVE;
				GCC_WARN_UNUSED_FUNCTION = YES;
				GCC_WARN_UNUSED_VARIABLE = YES;
				IPHONEOS_DEPLOYMENT_TARGET = 9.1;
				MTL_ENABLE_DEBUG_INFO = YES;
				ONLY_ACTIVE_ARCH = YES;
				SDKROOT = iphoneos;
				SWIFT_OPTIMIZATION_LEVEL = "-Onone";
				TARGETED_DEVICE_FAMILY = "1,2";
			};
			name = Debug;
		};
		AA9EE7101BFEB55B001CE68C /* Release */ = {
			isa = XCBuildConfiguration;
			buildSettings = {
				ALWAYS_SEARCH_USER_PATHS = NO;
				CLANG_CXX_LANGUAGE_STANDARD = "gnu++0x";
				CLANG_CXX_LIBRARY = "libc++";
				CLANG_ENABLE_MODULES = YES;
				CLANG_ENABLE_OBJC_ARC = YES;
				CLANG_WARN_BOOL_CONVERSION = YES;
				CLANG_WARN_CONSTANT_CONVERSION = YES;
				CLANG_WARN_DIRECT_OBJC_ISA_USAGE = YES_ERROR;
				CLANG_WARN_EMPTY_BODY = YES;
				CLANG_WARN_ENUM_CONVERSION = YES;
				CLANG_WARN_INT_CONVERSION = YES;
				CLANG_WARN_OBJC_ROOT_CLASS = YES_ERROR;
				CLANG_WARN_UNREACHABLE_CODE = YES;
				CLANG_WARN__DUPLICATE_METHOD_MATCH = YES;
				"CODE_SIGN_IDENTITY[sdk=iphoneos*]" = "iPhone Developer";
				COPY_PHASE_STRIP = NO;
				DEBUG_INFORMATION_FORMAT = "dwarf-with-dsym";
				ENABLE_NS_ASSERTIONS = NO;
				ENABLE_STRICT_OBJC_MSGSEND = YES;
				GCC_C_LANGUAGE_STANDARD = gnu99;
				GCC_NO_COMMON_BLOCKS = YES;
				GCC_WARN_64_TO_32_BIT_CONVERSION = YES;
				GCC_WARN_ABOUT_RETURN_TYPE = YES_ERROR;
				GCC_WARN_UNDECLARED_SELECTOR = YES;
				GCC_WARN_UNINITIALIZED_AUTOS = YES_AGGRESSIVE;
				GCC_WARN_UNUSED_FUNCTION = YES;
				GCC_WARN_UNUSED_VARIABLE = YES;
				IPHONEOS_DEPLOYMENT_TARGET = 9.1;
				MTL_ENABLE_DEBUG_INFO = NO;
				SDKROOT = iphoneos;
				TARGETED_DEVICE_FAMILY = "1,2";
				VALIDATE_PRODUCT = YES;
			};
			name = Release;
		};
		AA9EE7121BFEB55B001CE68C /* Debug */ = {
			isa = XCBuildConfiguration;
			buildSettings = {
				ASSETCATALOG_COMPILER_APPICON_NAME = AppIcon;
				INFOPLIST_FILE = "swift-book-helloworld/Info.plist";
				LD_RUNPATH_SEARCH_PATHS = "$(inherited) @executable_path/Frameworks";
				PRODUCT_BUNDLE_IDENTIFIER = "dtc.swift-book-helloworld";
				PRODUCT_NAME = "$(TARGET_NAME)";
			};
			name = Debug;
		};
		AA9EE7131BFEB55B001CE68C /* Release */ = {
			isa = XCBuildConfiguration;
			buildSettings = {
				ASSETCATALOG_COMPILER_APPICON_NAME = AppIcon;
				INFOPLIST_FILE = "swift-book-helloworld/Info.plist";
				LD_RUNPATH_SEARCH_PATHS = "$(inherited) @executable_path/Frameworks";
				PRODUCT_BUNDLE_IDENTIFIER = "dtc.swift-book-helloworld";
				PRODUCT_NAME = "$(TARGET_NAME)";
			};
			name = Release;
		};
		AA9EE7151BFEB55B001CE68C /* Debug */ = {
			isa = XCBuildConfiguration;
			buildSettings = {
				BUNDLE_LOADER = "$(TEST_HOST)";
				INFOPLIST_FILE = "swift-book-helloworldTests/Info.plist";
				LD_RUNPATH_SEARCH_PATHS = "$(inherited) @executable_path/Frameworks @loader_path/Frameworks";
				PRODUCT_BUNDLE_IDENTIFIER = "dtc.swift-book-helloworldTests";
				PRODUCT_NAME = "$(TARGET_NAME)";
				TEST_HOST = "$(BUILT_PRODUCTS_DIR)/swift-book-helloworld.app/swift-book-helloworld";
			};
			name = Debug;
		};
		AA9EE7161BFEB55B001CE68C /* Release */ = {
			isa = XCBuildConfiguration;
			buildSettings = {
				BUNDLE_LOADER = "$(TEST_HOST)";
				INFOPLIST_FILE = "swift-book-helloworldTests/Info.plist";
				LD_RUNPATH_SEARCH_PATHS = "$(inherited) @executable_path/Frameworks @loader_path/Frameworks";
				PRODUCT_BUNDLE_IDENTIFIER = "dtc.swift-book-helloworldTests";
				PRODUCT_NAME = "$(TARGET_NAME)";
				TEST_HOST = "$(BUILT_PRODUCTS_DIR)/swift-book-helloworld.app/swift-book-helloworld";
			};
			name = Release;
		};
		AA9EE7181BFEB55B001CE68C /* Debug */ = {
			isa = XCBuildConfiguration;
			buildSettings = {
				INFOPLIST_FILE = "swift-book-helloworldUITests/Info.plist";
				LD_RUNPATH_SEARCH_PATHS = "$(inherited) @executable_path/Frameworks @loader_path/Frameworks";
				PRODUCT_BUNDLE_IDENTIFIER = "dtc.swift-book-helloworldUITests";
				PRODUCT_NAME = "$(TARGET_NAME)";
				TEST_TARGET_NAME = "swift-book-helloworld";
				USES_XCTRUNNER = YES;
			};
			name = Debug;
		};
		AA9EE7191BFEB55B001CE68C /* Release */ = {
			isa = XCBuildConfiguration;
			buildSettings = {
				INFOPLIST_FILE = "swift-book-helloworldUITests/Info.plist";
				LD_RUNPATH_SEARCH_PATHS = "$(inherited) @executable_path/Frameworks @loader_path/Frameworks";
				PRODUCT_BUNDLE_IDENTIFIER = "dtc.swift-book-helloworldUITests";
				PRODUCT_NAME = "$(TARGET_NAME)";
				TEST_TARGET_NAME = "swift-book-helloworld";
				USES_XCTRUNNER = YES;
			};
			name = Release;
		};
/* End XCBuildConfiguration section */

/* Begin XCConfigurationList section */
		AA9EE6E41BFEB55B001CE68C /* Build configuration list for PBXProject "swift-book-helloworld" */ = {
			isa = XCConfigurationList;
			buildConfigurations = (
				AA9EE70F1BFEB55B001CE68C /* Debug */,
				AA9EE7101BFEB55B001CE68C /* Release */,
			);
			defaultConfigurationIsVisible = 0;
			defaultConfigurationName = Release;
		};
		AA9EE7111BFEB55B001CE68C /* Build configuration list for PBXNativeTarget "swift-book-helloworld" */ = {
			isa = XCConfigurationList;
			buildConfigurations = (
				AA9EE7121BFEB55B001CE68C /* Debug */,
				AA9EE7131BFEB55B001CE68C /* Release */,
			);
			defaultConfigurationIsVisible = 0;
			defaultConfigurationName = Release;
		};
		AA9EE7141BFEB55B001CE68C /* Build configuration list for PBXNativeTarget "swift-book-helloworldTests" */ = {
			isa = XCConfigurationList;
			buildConfigurations = (
				AA9EE7151BFEB55B001CE68C /* Debug */,
				AA9EE7161BFEB55B001CE68C /* Release */,
			);
			defaultConfigurationIsVisible = 0;
			defaultConfigurationName = Release;
		};
		AA9EE7171BFEB55B001CE68C /* Build configuration list for PBXNativeTarget "swift-book-helloworldUITests" */ = {
			isa = XCConfigurationList;
			buildConfigurations = (
				AA9EE7181BFEB55B001CE68C /* Debug */,
				AA9EE7191BFEB55B001CE68C /* Release */,
			);
			defaultConfigurationIsVisible = 0;
			defaultConfigurationName = Release;
		};
/* End XCConfigurationList section */
	};
	rootObject = AA9EE6E11BFEB55B001CE68C /* Project object */;
}
